
Microsoft Visual Studio Solution File, Format Version 12.00
# Visual Studio Version 17
VisualStudioVersion = 17.7.34221.43
MinimumVisualStudioVersion = 10.0.40219.1
Project("{FAE04EC0-301F-11D3-BF4B-00C04F79EFBC}") = "sourcecode", "sourcecode\sourcecode.csproj", "{1A586E72-BCC9-44CC-8BE3-D091B3098BBF}"
EndProject
Global
	GlobalSection(SolutionConfigurationPlatforms) = preSolution
		Debug|Any CPU = Debug|Any CPU
		Release|Any CPU = Release|Any CPU
	EndGlobalSection
	GlobalSection(ProjectConfigurationPlatforms) = postSolution
		{1A586E72-BCC9-44CC-8BE3-D091B3098BBF}.Debug|Any CPU.ActiveCfg = Debug|Any CPU
		{1A586E72-BCC9-44CC-8BE3-D091B3098BBF}.Debug|Any CPU.Build.0 = Debug|Any CPU
		{1A586E72-BCC9-44CC-8BE3-D091B3098BBF}.Release|Any CPU.ActiveCfg = Release|Any CPU
		{1A586E72-BCC9-44CC-8BE3-D091B3098BBF}.Release|Any CPU.Build.0 = Release|Any CPU
	EndGlobalSection
	GlobalSection(SolutionProperties) = preSolution
		HideSolutionNode = FALSE
	EndGlobalSection
	GlobalSection(ExtensibilityGlobals) = postSolution
		SolutionGuid = {299C7F6A-D7CC-4D06-A63E-02592F42C9BB}
	EndGlobalSection
EndGlobal
